
Microsoft Visual Studio Solution File, Format Version 12.00
# Visual Studio 15
VisualStudioVersion = 15.0.28307.168
MinimumVisualStudioVersion = 10.0.40219.1
Project("{FAE04EC0-301F-11D3-BF4B-00C04F79EFBC}") = "test", "test\test.csproj", "{AED9BC69-B0F2-4789-9EC2-555B0906B44A}"
EndProject
Global
	GlobalSection(SolutionConfigurationPlatforms) = preSolution
		Debug|Any CPU = Debug|Any CPU
		Release|Any CPU = Release|Any CPU
	EndGlobalSection
	GlobalSection(ProjectConfigurationPlatforms) = postSolution
		{AED9BC69-B0F2-4789-9EC2-555B0906B44A}.Debug|Any CPU.ActiveCfg = Debug|Any CPU
		{AED9BC69-B0F2-4789-9EC2-555B0906B44A}.Debug|Any CPU.Build.0 = Debug|Any CPU
		{AED9BC69-B0F2-4789-9EC2-555B0906B44A}.Release|Any CPU.ActiveCfg = Release|Any CPU
		{AED9BC69-B0F2-4789-9EC2-555B0906B44A}.Release|Any CPU.Build.0 = Release|Any CPU
	EndGlobalSection
	GlobalSection(SolutionProperties) = preSolution
		HideSolutionNode = FALSE
	EndGlobalSection
	GlobalSection(ExtensibilityGlobals) = postSolution
		SolutionGuid = {A189FF45-442E-47C7-9649-53F2B164E2D1}
	EndGlobalSection
EndGlobal
